
Microsoft Visual Studio Solution File, Format Version 12.00
# Visual Studio 2013
VisualStudioVersion = 12.0.21005.1
MinimumVisualStudioVersion = 10.0.40219.1
Project("{FAE04EC0-301F-11D3-BF4B-00C04F79EFBC}") = "Unidade6", "Unidade6\Unidade6.csproj", "{291B2CFD-6423-4932-8353-5361B6B78CF0}"
EndProject
Project("{FAE04EC0-301F-11D3-BF4B-00C04F79EFBC}") = "Unidade7", "Unidade7\Unidade7.csproj", "{6F936968-3A05-400C-9B40-AAAA570D4CB1}"
EndProject
Project("{FAE04EC0-301F-11D3-BF4B-00C04F79EFBC}") = "MedindoaFebreV", "MedindoaFebreV\MedindoaFebreV.csproj", "{DBB8A67B-B576-49F9-8F6D-240112E6A855}"
EndProject
Project("{FAE04EC0-301F-11D3-BF4B-00C04F79EFBC}") = "Unidade8", "Unidade8\Unidade8.csproj", "{89F75AD4-202F-4CFC-A1B7-3C0873D5A538}"
EndProject
Project("{FAE04EC0-301F-11D3-BF4B-00C04F79EFBC}") = "MedindoaFebreVIII", "MedindoaFebreVI\MedindoaFebreVIII.csproj", "{AEA43DD7-1F79-485F-8350-A6ABC97CCC30}"
EndProject
Project("{FAE04EC0-301F-11D3-BF4B-00C04F79EFBC}") = "MedindoAFebreUnidadesIXeX", "MedindoAFebreUnidadesIXeX\MedindoAFebreUnidadesIXeX.csproj", "{25B52ED0-B28D-4F99-9A62-301373871715}"
EndProject
Project("{FAE04EC0-301F-11D3-BF4B-00C04F79EFBC}") = "Unidade11", "Unidade11\Unidade11.csproj", "{BB32340C-895B-4166-A73D-FA4443113F1C}"
EndProject
Global
	GlobalSection(SolutionConfigurationPlatforms) = preSolution
		Debug|Any CPU = Debug|Any CPU
		Release|Any CPU = Release|Any CPU
	EndGlobalSection
	GlobalSection(ProjectConfigurationPlatforms) = postSolution
		{291B2CFD-6423-4932-8353-5361B6B78CF0}.Debug|Any CPU.ActiveCfg = Debug|Any CPU
		{291B2CFD-6423-4932-8353-5361B6B78CF0}.Debug|Any CPU.Build.0 = Debug|Any CPU
		{291B2CFD-6423-4932-8353-5361B6B78CF0}.Release|Any CPU.ActiveCfg = Release|Any CPU
		{291B2CFD-6423-4932-8353-5361B6B78CF0}.Release|Any CPU.Build.0 = Release|Any CPU
		{6F936968-3A05-400C-9B40-AAAA570D4CB1}.Debug|Any CPU.ActiveCfg = Debug|Any CPU
		{6F936968-3A05-400C-9B40-AAAA570D4CB1}.Debug|Any CPU.Build.0 = Debug|Any CPU
		{6F936968-3A05-400C-9B40-AAAA570D4CB1}.Release|Any CPU.ActiveCfg = Release|Any CPU
		{6F936968-3A05-400C-9B40-AAAA570D4CB1}.Release|Any CPU.Build.0 = Release|Any CPU
		{DBB8A67B-B576-49F9-8F6D-240112E6A855}.Debug|Any CPU.ActiveCfg = Debug|Any CPU
		{DBB8A67B-B576-49F9-8F6D-240112E6A855}.Debug|Any CPU.Build.0 = Debug|Any CPU
		{DBB8A67B-B576-49F9-8F6D-240112E6A855}.Release|Any CPU.ActiveCfg = Release|Any CPU
		{DBB8A67B-B576-49F9-8F6D-240112E6A855}.Release|Any CPU.Build.0 = Release|Any CPU
		{89F75AD4-202F-4CFC-A1B7-3C0873D5A538}.Debug|Any CPU.ActiveCfg = Debug|Any CPU
		{89F75AD4-202F-4CFC-A1B7-3C0873D5A538}.Debug|Any CPU.Build.0 = Debug|Any CPU
		{89F75AD4-202F-4CFC-A1B7-3C0873D5A538}.Release|Any CPU.ActiveCfg = Release|Any CPU
		{89F75AD4-202F-4CFC-A1B7-3C0873D5A538}.Release|Any CPU.Build.0 = Release|Any CPU
		{AEA43DD7-1F79-485F-8350-A6ABC97CCC30}.Debug|Any CPU.ActiveCfg = Debug|Any CPU
		{AEA43DD7-1F79-485F-8350-A6ABC97CCC30}.Debug|Any CPU.Build.0 = Debug|Any CPU
		{AEA43DD7-1F79-485F-8350-A6ABC97CCC30}.Release|Any CPU.ActiveCfg = Release|Any CPU
		{AEA43DD7-1F79-485F-8350-A6ABC97CCC30}.Release|Any CPU.Build.0 = Release|Any CPU
		{25B52ED0-B28D-4F99-9A62-301373871715}.Debug|Any CPU.ActiveCfg = Debug|Any CPU
		{25B52ED0-B28D-4F99-9A62-301373871715}.Debug|Any CPU.Build.0 = Debug|Any CPU
		{25B52ED0-B28D-4F99-9A62-301373871715}.Release|Any CPU.ActiveCfg = Release|Any CPU
		{25B52ED0-B28D-4F99-9A62-301373871715}.Release|Any CPU.Build.0 = Release|Any CPU
		{BB32340C-895B-4166-A73D-FA4443113F1C}.Debug|Any CPU.ActiveCfg = Debug|Any CPU
		{BB32340C-895B-4166-A73D-FA4443113F1C}.Debug|Any CPU.Build.0 = Debug|Any CPU
		{BB32340C-895B-4166-A73D-FA4443113F1C}.Release|Any CPU.ActiveCfg = Release|Any CPU
		{BB32340C-895B-4166-A73D-FA4443113F1C}.Release|Any CPU.Build.0 = Release|Any CPU
	EndGlobalSection
	GlobalSection(SolutionProperties) = preSolution
		HideSolutionNode = FALSE
	EndGlobalSection
EndGlobal
